// !$*UTF8*$!
{
	archiveVersion = 1;
	classes = {
	};
	objectVersion = 48;
	objects = {

/* Begin PBXBuildFile section */
		9BEE88171F748C1500EE3D52 /* AppDelegate.swift in Sources */ = {isa = PBXBuildFile; fileRef = 9BEE88161F748C1500EE3D52 /* AppDelegate.swift */; };
		9BEE88191F748C1500EE3D52 /* ViewController.swift in Sources */ = {isa = PBXBuildFile; fileRef = 9BEE88181F748C1500EE3D52 /* ViewController.swift */; };
		9BEE881C1F748C1500EE3D52 /* Main.storyboard in Resources */ = {isa = PBXBuildFile; fileRef = 9BEE881A1F748C1500EE3D52 /* Main.storyboard */; };
		9BEE881E1F748C1500EE3D52 /* Assets.xcassets in Resources */ = {isa = PBXBuildFile; fileRef = 9BEE881D1F748C1500EE3D52 /* Assets.xcassets */; };
		9BEE88211F748C1500EE3D52 /* LaunchScreen.storyboard in Resources */ = {isa = PBXBuildFile; fileRef = 9BEE881F1F748C1500EE3D52 /* LaunchScreen.storyboard */; };
		9BEE882C1F748C1500EE3D52 /* InClass03Tests.swift in Sources */ = {isa = PBXBuildFile; fileRef = 9BEE882B1F748C1500EE3D52 /* InClass03Tests.swift */; };
		9BEE88371F748C1500EE3D52 /* InClass03UITests.swift in Sources */ = {isa = PBXBuildFile; fileRef = 9BEE88361F748C1500EE3D52 /* InClass03UITests.swift */; };
/* End PBXBuildFile section */

/* Begin PBXContainerItemProxy section */
		9BEE88281F748C1500EE3D52 /* PBXContainerItemProxy */ = {
			isa = PBXContainerItemProxy;
			containerPortal = 9BEE880B1F748C1500EE3D52 /* Project object */;
			proxyType = 1;
			remoteGlobalIDString = 9BEE88121F748C1500EE3D52;
			remoteInfo = InClass03;
		};
		9BEE88331F748C1500EE3D52 /* PBXContainerItemProxy */ = {
			isa = PBXContainerItemProxy;
			containerPortal = 9BEE880B1F748C1500EE3D52 /* Project object */;
			proxyType = 1;
			remoteGlobalIDString = 9BEE88121F748C1500EE3D52;
			remoteInfo = InClass03;
		};
/* End PBXContainerItemProxy section */

/* Begin PBXFileReference section */
		9BEE88131F748C1500EE3D52 /* InClass03.app */ = {isa = PBXFileReference; explicitFileType = wrapper.application; includeInIndex = 0; path = InClass03.app; sourceTree = BUILT_PRODUCTS_DIR; };
		9BEE88161F748C1500EE3D52 /* AppDelegate.swift */ = {isa = PBXFileReference; lastKnownFileType = sourcecode.swift; path = AppDelegate.swift; sourceTree = "<group>"; };
		9BEE88181F748C1500EE3D52 /* ViewController.swift */ = {isa = PBXFileReference; lastKnownFileType = sourcecode.swift; path = ViewController.swift; sourceTree = "<group>"; };
		9BEE881B1F748C1500EE3D52 /* Base */ = {isa = PBXFileReference; lastKnownFileType = file.storyboard; name = Base; path = Base.lproj/Main.storyboard; sourceTree = "<group>"; };
		9BEE881D1F748C1500EE3D52 /* Assets.xcassets */ = {isa = PBXFileReference; lastKnownFileType = folder.assetcatalog; path = Assets.xcassets; sourceTree = "<group>"; };
		9BEE88201F748C1500EE3D52 /* Base */ = {isa = PBXFileReference; lastKnownFileType = file.storyboard; name = Base; path = Base.lproj/LaunchScreen.storyboard; sourceTree = "<group>"; };
		9BEE88221F748C1500EE3D52 /* Info.plist */ = {isa = PBXFileReference; lastKnownFileType = text.plist.xml; path = Info.plist; sourceTree = "<group>"; };
		9BEE88271F748C1500EE3D52 /* InClass03Tests.xctest */ = {isa = PBXFileReference; explicitFileType = wrapper.cfbundle; includeInIndex = 0; path = InClass03Tests.xctest; sourceTree = BUILT_PRODUCTS_DIR; };
		9BEE882B1F748C1500EE3D52 /* InClass03Tests.swift */ = {isa = PBXFileReference; lastKnownFileType = sourcecode.swift; path = InClass03Tests.swift; sourceTree = "<group>"; };
		9BEE882D1F748C1500EE3D52 /* Info.plist */ = {isa = PBXFileReference; lastKnownFileType = text.plist.xml; path = Info.plist; sourceTree = "<group>"; };
		9BEE88321F748C1500EE3D52 /* InClass03UITests.xctest */ = {isa = PBXFileReference; explicitFileType = wrapper.cfbundle; includeInIndex = 0; path = InClass03UITests.xctest; sourceTree = BUILT_PRODUCTS_DIR; };
		9BEE88361F748C1500EE3D52 /* InClass03UITests.swift */ = {isa = PBXFileReference; lastKnownFileType = sourcecode.swift; path = InClass03UITests.swift; sourceTree = "<group>"; };
		9BEE88381F748C1500EE3D52 /* Info.plist */ = {isa = PBXFileReference; lastKnownFileType = text.plist.xml; path = Info.plist; sourceTree = "<group>"; };
/* End PBXFileReference section */

/* Begin PBXFrameworksBuildPhase section */
		9BEE88101F748C1500EE3D52 /* Frameworks */ = {
			isa = PBXFrameworksBuildPhase;
			buildActionMask = 2147483647;
			files = (
			);
			runOnlyForDeploymentPostprocessing = 0;
		};
		9BEE88241F748C1500EE3D52 /* Frameworks */ = {
			isa = PBXFrameworksBuildPhase;
			buildActionMask = 2147483647;
			files = (
			);
			runOnlyForDeploymentPostprocessing = 0;
		};
		9BEE882F1F748C1500EE3D52 /* Frameworks */ = {
			isa = PBXFrameworksBuildPhase;
			buildActionMask = 2147483647;
			files = (
			);
			runOnlyForDeploymentPostprocessing = 0;
		};
/* End PBXFrameworksBuildPhase section */

/* Begin PBXGroup section */
		9BEE880A1F748C1500EE3D52 = {
			isa = PBXGroup;
			children = (
				9BEE88151F748C1500EE3D52 /* InClass03 */,
				9BEE882A1F748C1500EE3D52 /* InClass03Tests */,
				9BEE88351F748C1500EE3D52 /* InClass03UITests */,
				9BEE88141F748C1500EE3D52 /* Products */,
			);
			sourceTree = "<group>";
		};
		9BEE88141F748C1500EE3D52 /* Products */ = {
			isa = PBXGroup;
			children = (
				9BEE88131F748C1500EE3D52 /* InClass03.app */,
				9BEE88271F748C1500EE3D52 /* InClass03Tests.xctest */,
				9BEE88321F748C1500EE3D52 /* InClass03UITests.xctest */,
			);
			name = Products;
			sourceTree = "<group>";
		};
		9BEE88151F748C1500EE3D52 /* InClass03 */ = {
			isa = PBXGroup;
			children = (
				9BEE88161F748C1500EE3D52 /* AppDelegate.swift */,
				9BEE88181F748C1500EE3D52 /* ViewController.swift */,
				9BEE881A1F748C1500EE3D52 /* Main.storyboard */,
				9BEE881D1F748C1500EE3D52 /* Assets.xcassets */,
				9BEE881F1F748C1500EE3D52 /* LaunchScreen.storyboard */,
				9BEE88221F748C1500EE3D52 /* Info.plist */,
			);
			path = InClass03;
			sourceTree = "<group>";
		};
		9BEE882A1F748C1500EE3D52 /* InClass03Tests */ = {
			isa = PBXGroup;
			children = (
				9BEE882B1F748C1500EE3D52 /* InClass03Tests.swift */,
				9BEE882D1F748C1500EE3D52 /* Info.plist */,
			);
			path = InClass03Tests;
			sourceTree = "<group>";
		};
		9BEE88351F748C1500EE3D52 /* InClass03UITests */ = {
			isa = PBXGroup;
			children = (
				9BEE88361F748C1500EE3D52 /* InClass03UITests.swift */,
				9BEE88381F748C1500EE3D52 /* Info.plist */,
			);
			path = InClass03UITests;
			sourceTree = "<group>";
		};
/* End PBXGroup section */

/* Begin PBXNativeTarget section */
		9BEE88121F748C1500EE3D52 /* InClass03 */ = {
			isa = PBXNativeTarget;
			buildConfigurationList = 9BEE883B1F748C1500EE3D52 /* Build configuration list for PBXNativeTarget "InClass03" */;
			buildPhases = (
				9BEE880F1F748C1500EE3D52 /* Sources */,
				9BEE88101F748C1500EE3D52 /* Frameworks */,
				9BEE88111F748C1500EE3D52 /* Resources */,
			);
			buildRules = (
			);
			dependencies = (
			);
			name = InClass03;
			productName = InClass03;
			productReference = 9BEE88131F748C1500EE3D52 /* InClass03.app */;
			productType = "com.apple.product-type.application";
		};
		9BEE88261F748C1500EE3D52 /* InClass03Tests */ = {
			isa = PBXNativeTarget;
			buildConfigurationList = 9BEE883E1F748C1500EE3D52 /* Build configuration list for PBXNativeTarget "InClass03Tests" */;
			buildPhases = (
				9BEE88231F748C1500EE3D52 /* Sources */,
				9BEE88241F748C1500EE3D52 /* Frameworks */,
				9BEE88251F748C1500EE3D52 /* Resources */,
			);
			buildRules = (
			);
			dependencies = (
				9BEE88291F748C1500EE3D52 /* PBXTargetDependency */,
			);
			name = InClass03Tests;
			productName = InClass03Tests;
			productReference = 9BEE88271F748C1500EE3D52 /* InClass03Tests.xctest */;
			productType = "com.apple.product-type.bundle.unit-test";
		};
		9BEE88311F748C1500EE3D52 /* InClass03UITests */ = {
			isa = PBXNativeTarget;
			buildConfigurationList = 9BEE88411F748C1500EE3D52 /* Build configuration list for PBXNativeTarget "InClass03UITests" */;
			buildPhases = (
				9BEE882E1F748C1500EE3D52 /* Sources */,
				9BEE882F1F748C1500EE3D52 /* Frameworks */,
				9BEE88301F748C1500EE3D52 /* Resources */,
			);
			buildRules = (
			);
			dependencies = (
				9BEE88341F748C1500EE3D52 /* PBXTargetDependency */,
			);
			name = InClass03UITests;
			productName = InClass03UITests;
			productReference = 9BEE88321F748C1500EE3D52 /* InClass03UITests.xctest */;
			productType = "com.apple.product-type.bundle.ui-testing";
		};
/* End PBXNativeTarget section */

/* Begin PBXProject section */
		9BEE880B1F748C1500EE3D52 /* Project object */ = {
			isa = PBXProject;
			attributes = {
				LastSwiftUpdateCheck = 0900;
				LastUpgradeCheck = 0900;
				ORGANIZATIONNAME = "Vinnakota, Venkata Ratna Ushaswini";
				TargetAttributes = {
					9BEE88121F748C1500EE3D52 = {
						CreatedOnToolsVersion = 9.0;
						ProvisioningStyle = Automatic;
					};
					9BEE88261F748C1500EE3D52 = {
						CreatedOnToolsVersion = 9.0;
						ProvisioningStyle = Automatic;
						TestTargetID = 9BEE88121F748C1500EE3D52;
					};
					9BEE88311F748C1500EE3D52 = {
						CreatedOnToolsVersion = 9.0;
						ProvisioningStyle = Automatic;
						TestTargetID = 9BEE88121F748C1500EE3D52;
					};
				};
			};
			buildConfigurationList = 9BEE880E1F748C1500EE3D52 /* Build configuration list for PBXProject "InClass03" */;
			compatibilityVersion = "Xcode 8.0";
			developmentRegion = en;
			hasScannedForEncodings = 0;
			knownRegions = (
				en,
				Base,
			);
			mainGroup = 9BEE880A1F748C1500EE3D52;
			productRefGroup = 9BEE88141F748C1500EE3D52 /* Products */;
			projectDirPath = "";
			projectRoot = "";
			targets = (
				9BEE88121F748C1500EE3D52 /* InClass03 */,
				9BEE88261F748C1500EE3D52 /* InClass03Tests */,
				9BEE88311F748C1500EE3D52 /* InClass03UITests */,
			);
		};
/* End PBXProject section */

/* Begin PBXResourcesBuildPhase section */
		9BEE88111F748C1500EE3D52 /* Resources */ = {
			isa = PBXResourcesBuildPhase;
			buildActionMask = 2147483647;
			files = (
				9BEE88211F748C1500EE3D52 /* LaunchScreen.storyboard in Resources */,
				9BEE881E1F748C1500EE3D52 /* Assets.xcassets in Resources */,
				9BEE881C1F748C1500EE3D52 /* Main.storyboard in Resources */,
			);
			runOnlyForDeploymentPostprocessing = 0;
		};
		9BEE88251F748C1500EE3D52 /* Resources */ = {
			isa = PBXResourcesBuildPhase;
			buildActionMask = 2147483647;
			files = (
			);
			runOnlyForDeploymentPostprocessing = 0;
		};
		9BEE88301F748C1500EE3D52 /* Resources */ = {
			isa = PBXResourcesBuildPhase;
			buildActionMask = 2147483647;
			files = (
			);
			runOnlyForDeploymentPostprocessing = 0;
		};
/* End PBXResourcesBuildPhase section */

/* Begin PBXSourcesBuildPhase section */
		9BEE880F1F748C1500EE3D52 /* Sources */ = {
			isa = PBXSourcesBuildPhase;
			buildActionMask = 2147483647;
			files = (
				9BEE88191F748C1500EE3D52 /* ViewController.swift in Sources */,
				9BEE88171F748C1500EE3D52 /* AppDelegate.swift in Sources */,
			);
			runOnlyForDeploymentPostprocessing = 0;
		};
		9BEE88231F748C1500EE3D52 /* Sources */ = {
			isa = PBXSourcesBuildPhase;
			buildActionMask = 2147483647;
			files = (
				9BEE882C1F748C1500EE3D52 /* InClass03Tests.swift in Sources */,
			);
			runOnlyForDeploymentPostprocessing = 0;
		};
		9BEE882E1F748C1500EE3D52 /* Sources */ = {
			isa = PBXSourcesBuildPhase;
			buildActionMask = 2147483647;
			files = (
				9BEE88371F748C1500EE3D52 /* InClass03UITests.swift in Sources */,
			);
			runOnlyForDeploymentPostprocessing = 0;
		};
/* End PBXSourcesBuildPhase section */

/* Begin PBXTargetDependency section */
		9BEE88291F748C1500EE3D52 /* PBXTargetDependency */ = {
			isa = PBXTargetDependency;
			target = 9BEE88121F748C1500EE3D52 /* InClass03 */;
			targetProxy = 9BEE88281F748C1500EE3D52 /* PBXContainerItemProxy */;
		};
		9BEE88341F748C1500EE3D52 /* PBXTargetDependency */ = {
			isa = PBXTargetDependency;
			target = 9BEE88121F748C1500EE3D52 /* InClass03 */;
			targetProxy = 9BEE88331F748C1500EE3D52 /* PBXContainerItemProxy */;
		};
/* End PBXTargetDependency section */

/* Begin PBXVariantGroup section */
		9BEE881A1F748C1500EE3D52 /* Main.storyboard */ = {
			isa = PBXVariantGroup;
			children = (
				9BEE881B1F748C1500EE3D52 /* Base */,
			);
			name = Main.storyboard;
			sourceTree = "<group>";
		};
		9BEE881F1F748C1500EE3D52 /* LaunchScreen.storyboard */ = {
			isa = PBXVariantGroup;
			children = (
				9BEE88201F748C1500EE3D52 /* Base */,
			);
			name = LaunchScreen.storyboard;
			sourceTree = "<group>";
		};
/* End PBXVariantGroup section */

/* Begin XCBuildConfiguration section */
		9BEE88391F748C1500EE3D52 /* Debug */ = {
			isa = XCBuildConfiguration;
			buildSettings = {
				ALWAYS_SEARCH_USER_PATHS = NO;
				CLANG_ANALYZER_NONNULL = YES;
				CLANG_ANALYZER_NUMBER_OBJECT_CONVERSION = YES_AGGRESSIVE;
				CLANG_CXX_LANGUAGE_STANDARD = "gnu++14";
				CLANG_CXX_LIBRARY = "libc++";
				CLANG_ENABLE_MODULES = YES;
				CLANG_ENABLE_OBJC_ARC = YES;
				CLANG_WARN_BLOCK_CAPTURE_AUTORELEASING = YES;
				CLANG_WARN_BOOL_CONVERSION = YES;
				CLANG_WARN_COMMA = YES;
				CLANG_WARN_CONSTANT_CONVERSION = YES;
				CLANG_WARN_DIRECT_OBJC_ISA_USAGE = YES_ERROR;
				CLANG_WARN_DOCUMENTATION_COMMENTS = YES;
				CLANG_WARN_EMPTY_BODY = YES;
				CLANG_WARN_ENUM_CONVERSION = YES;
				CLANG_WARN_INFINITE_RECURSION = YES;
				CLANG_WARN_INT_CONVERSION = YES;
				CLANG_WARN_NON_LITERAL_NULL_CONVERSION = YES;
				CLANG_WARN_OBJC_LITERAL_CONVERSION = YES;
				CLANG_WARN_OBJC_ROOT_CLASS = YES_ERROR;
				CLANG_WARN_RANGE_LOOP_ANALYSIS = YES;
				CLANG_WARN_STRICT_PROTOTYPES = YES;
				CLANG_WARN_SUSPICIOUS_MOVE = YES;
				CLANG_WARN_UNGUARDED_AVAILABILITY = YES_AGGRESSIVE;
				CLANG_WARN_UNREACHABLE_CODE = YES;
				CLANG_WARN__DUPLICATE_METHOD_MATCH = YES;
				CODE_SIGN_IDENTITY = "iPhone Developer";
				COPY_PHASE_STRIP = NO;
				DEBUG_INFORMATION_FORMAT = dwarf;
				ENABLE_STRICT_OBJC_MSGSEND = YES;
				ENABLE_TESTABILITY = YES;
				GCC_C_LANGUAGE_STANDARD = gnu11;
				GCC_DYNAMIC_NO_PIC = NO;
				GCC_NO_COMMON_BLOCKS = YES;
				GCC_OPTIMIZATION_LEVEL = 0;
				GCC_PREPROCESSOR_DEFINITIONS = (
					"DEBUG=1",
					"$(inherited)",
				);
				GCC_WARN_64_TO_32_BIT_CONVERSION = YES;
				GCC_WARN_ABOUT_RETURN_TYPE = YES_ERROR;
				GCC_WARN_UNDECLARED_SELECTOR = YES;
				GCC_WARN_UNINITIALIZED_AUTOS = YES_AGGRESSIVE;
				GCC_WARN_UNUSED_FUNCTION = YES;
				GCC_WARN_UNUSED_VARIABLE = YES;
				IPHONEOS_DEPLOYMENT_TARGET = 11.0;
				MTL_ENABLE_DEBUG_INFO = YES;
				ONLY_ACTIVE_ARCH = YES;
				SDKROOT = iphoneos;
				SWIFT_ACTIVE_COMPILATION_CONDITIONS = DEBUG;
				SWIFT_OPTIMIZATION_LEVEL = "-Onone";
			};
			name = Debug;
		};
		9BEE883A1F748C1500EE3D52 /* Release */ = {
			isa = XCBuildConfiguration;
			buildSettings = {
				ALWAYS_SEARCH_USER_PATHS = NO;
				CLANG_ANALYZER_NONNULL = YES;
				CLANG_ANALYZER_NUMBER_OBJECT_CONVERSION = YES_AGGRESSIVE;
				CLANG_CXX_LANGUAGE_STANDARD = "gnu++14";
				CLANG_CXX_LIBRARY = "libc++";
				CLANG_ENABLE_MODULES = YES;
				CLANG_ENABLE_OBJC_ARC = YES;
				CLANG_WARN_BLOCK_CAPTURE_AUTORELEASING = YES;
				CLANG_WARN_BOOL_CONVERSION = YES;
				CLANG_WARN_COMMA = YES;
				CLANG_WARN_CONSTANT_CONVERSION = YES;
				CLANG_WARN_DIRECT_OBJC_ISA_USAGE = YES_ERROR;
				CLANG_WARN_DOCUMENTATION_COMMENTS = YES;
				CLANG_WARN_EMPTY_BODY = YES;
				CLANG_WARN_ENUM_CONVERSION = YES;
				CLANG_WARN_INFINITE_RECURSION = YES;
				CLANG_WARN_INT_CONVERSION = YES;
				CLANG_WARN_NON_LITERAL_NULL_CONVERSION = YES;
				CLANG_WARN_OBJC_LITERAL_CONVERSION = YES;
				CLANG_WARN_OBJC_ROOT_CLASS = YES_ERROR;
				CLANG_WARN_RANGE_LOOP_ANALYSIS = YES;
				CLANG_WARN_STRICT_PROTOTYPES = YES;
				CLANG_WARN_SUSPICIOUS_MOVE = YES;
				CLANG_WARN_UNGUARDED_AVAILABILITY = YES_AGGRESSIVE;
				CLANG_WARN_UNREACHABLE_CODE = YES;
				CLANG_WARN__DUPLICATE_METHOD_MATCH = YES;
				CODE_SIGN_IDENTITY = "iPhone Developer";
				COPY_PHASE_STRIP = NO;
				DEBUG_INFORMATION_FORMAT = "dwarf-with-dsym";
				ENABLE_NS_ASSERTIONS = NO;
				ENABLE_STRICT_OBJC_MSGSEND = YES;
				GCC_C_LANGUAGE_STANDARD = gnu11;
				GCC_NO_COMMON_BLOCKS = YES;
				GCC_WARN_64_TO_32_BIT_CONVERSION = YES;
				GCC_WARN_ABOUT_RETURN_TYPE = YES_ERROR;
				GCC_WARN_UNDECLARED_SELECTOR = YES;
				GCC_WARN_UNINITIALIZED_AUTOS = YES_AGGRESSIVE;
				GCC_WARN_UNUSED_FUNCTION = YES;
				GCC_WARN_UNUSED_VARIABLE = YES;
				IPHONEOS_DEPLOYMENT_TARGET = 11.0;
				MTL_ENABLE_DEBUG_INFO = NO;
				SDKROOT = iphoneos;
				SWIFT_OPTIMIZATION_LEVEL = "-Owholemodule";
				VALIDATE_PRODUCT = YES;
			};
			name = Release;
		};
		9BEE883C1F748C1500EE3D52 /* Debug */ = {
			isa = XCBuildConfiguration;
			buildSettings = {
				ASSETCATALOG_COMPILER_APPICON_NAME = AppIcon;
				CODE_SIGN_STYLE = Automatic;
				INFOPLIST_FILE = InClass03/Info.plist;
				LD_RUNPATH_SEARCH_PATHS = "$(inherited) @executable_path/Frameworks";
				PRODUCT_BUNDLE_IDENTIFIER = com.advmad.InClass03;
				PRODUCT_NAME = "$(TARGET_NAME)";
				SWIFT_VERSION = 4.0;
				TARGETED_DEVICE_FAMILY = "1,2";
			};
			name = Debug;
		};
		9BEE883D1F748C1500EE3D52 /* Release */ = {
			isa = XCBuildConfiguration;
			buildSettings = {
				ASSETCATALOG_COMPILER_APPICON_NAME = AppIcon;
				CODE_SIGN_STYLE = Automatic;
				INFOPLIST_FILE = InClass03/Info.plist;
				LD_RUNPATH_SEARCH_PATHS = "$(inherited) @executable_path/Frameworks";
				PRODUCT_BUNDLE_IDENTIFIER = com.advmad.InClass03;
				PRODUCT_NAME = "$(TARGET_NAME)";
				SWIFT_VERSION = 4.0;
				TARGETED_DEVICE_FAMILY = "1,2";
			};
			name = Release;
		};
		9BEE883F1F748C1500EE3D52 /* Debug */ = {
			isa = XCBuildConfiguration;
			buildSettings = {
				ALWAYS_EMBED_SWIFT_STANDARD_LIBRARIES = YES;
				BUNDLE_LOADER = "$(TEST_HOST)";
				CODE_SIGN_STYLE = Automatic;
				INFOPLIST_FILE = InClass03Tests/Info.plist;
				LD_RUNPATH_SEARCH_PATHS = "$(inherited) @executable_path/Frameworks @loader_path/Frameworks";
				PRODUCT_BUNDLE_IDENTIFIER = com.advmad.InClass03Tests;
				PRODUCT_NAME = "$(TARGET_NAME)";
				SWIFT_VERSION = 4.0;
				TARGETED_DEVICE_FAMILY = "1,2";
				TEST_HOST = "$(BUILT_PRODUCTS_DIR)/InClass03.app/InClass03";
			};
			name = Debug;
		};
		9BEE88401F748C1500EE3D52 /* Release */ = {
			isa = XCBuildConfiguration;
			buildSettings = {
				ALWAYS_EMBED_SWIFT_STANDARD_LIBRARIES = YES;
				BUNDLE_LOADER = "$(TEST_HOST)";
				CODE_SIGN_STYLE = Automatic;
				INFOPLIST_FILE = InClass03Tests/Info.plist;
				LD_RUNPATH_SEARCH_PATHS = "$(inherited) @executable_path/Frameworks @loader_path/Frameworks";
				PRODUCT_BUNDLE_IDENTIFIER = com.advmad.InClass03Tests;
				PRODUCT_NAME = "$(TARGET_NAME)";
				SWIFT_VERSION = 4.0;
				TARGETED_DEVICE_FAMILY = "1,2";
				TEST_HOST = "$(BUILT_PRODUCTS_DIR)/InClass03.app/InClass03";
			};
			name = Release;
		};
		9BEE88421F748C1500EE3D52 /* Debug */ = {
			isa = XCBuildConfiguration;
			buildSettings = {
				ALWAYS_EMBED_SWIFT_STANDARD_LIBRARIES = YES;
				CODE_SIGN_STYLE = Automatic;
				INFOPLIST_FILE = InClass03UITests/Info.plist;
				LD_RUNPATH_SEARCH_PATHS = "$(inherited) @executable_path/Frameworks @loader_path/Frameworks";
				PRODUCT_BUNDLE_IDENTIFIER = com.advmad.InClass03UITests;
				PRODUCT_NAME = "$(TARGET_NAME)";
				SWIFT_VERSION = 4.0;
				TARGETED_DEVICE_FAMILY = "1,2";
				TEST_TARGET_NAME = InClass03;
			};
			name = Debug;
		};
		9BEE88431F748C1500EE3D52 /* Release */ = {
			isa = XCBuildConfiguration;
			buildSettings = {
				ALWAYS_EMBED_SWIFT_STANDARD_LIBRARIES = YES;
				CODE_SIGN_STYLE = Automatic;
				INFOPLIST_FILE = InClass03UITests/Info.plist;
				LD_RUNPATH_SEARCH_PATHS = "$(inherited) @executable_path/Frameworks @loader_path/Frameworks";
				PRODUCT_BUNDLE_IDENTIFIER = com.advmad.InClass03UITests;
				PRODUCT_NAME = "$(TARGET_NAME)";
				SWIFT_VERSION = 4.0;
				TARGETED_DEVICE_FAMILY = "1,2";
				TEST_TARGET_NAME = InClass03;
			};
			name = Release;
		};
/* End XCBuildConfiguration section */

/* Begin XCConfigurationList section */
		9BEE880E1F748C1500EE3D52 /* Build configuration list for PBXProject "InClass03" */ = {
			isa = XCConfigurationList;
			buildConfigurations = (
				9BEE88391F748C1500EE3D52 /* Debug */,
				9BEE883A1F748C1500EE3D52 /* Release */,
			);
			defaultConfigurationIsVisible = 0;
			defaultConfigurationName = Release;
		};
		9BEE883B1F748C1500EE3D52 /* Build configuration list for PBXNativeTarget "InClass03" */ = {
			isa = XCConfigurationList;
			buildConfigurations = (
				9BEE883C1F748C1500EE3D52 /* Debug */,
				9BEE883D1F748C1500EE3D52 /* Release */,
			);
			defaultConfigurationIsVisible = 0;
			defaultConfigurationName = Release;
		};
		9BEE883E1F748C1500EE3D52 /* Build configuration list for PBXNativeTarget "InClass03Tests" */ = {
			isa = XCConfigurationList;
			buildConfigurations = (
				9BEE883F1F748C1500EE3D52 /* Debug */,
				9BEE88401F748C1500EE3D52 /* Release */,
			);
			defaultConfigurationIsVisible = 0;
			defaultConfigurationName = Release;
		};
		9BEE88411F748C1500EE3D52 /* Build configuration list for PBXNativeTarget "InClass03UITests" */ = {
			isa = XCConfigurationList;
			buildConfigurations = (
				9BEE88421F748C1500EE3D52 /* Debug */,
				9BEE88431F748C1500EE3D52 /* Release */,
			);
			defaultConfigurationIsVisible = 0;
			defaultConfigurationName = Release;
		};
/* End XCConfigurationList section */
	};
	rootObject = 9BEE880B1F748C1500EE3D52 /* Project object */;
}
